
Microsoft Visual Studio Solution File, Format Version 12.00
# Visual Studio Version 16
VisualStudioVersion = 16.0.31829.152
MinimumVisualStudioVersion = 10.0.40219.1
Project("{FAE04EC0-301F-11D3-BF4B-00C04F79EFBC}") = "WPF 3.1", "WPF 3.1\WPF 3.1.csproj", "{992AF029-582D-4DF0-BB60-CF9075E6794C}"
EndProject
Global
	GlobalSection(SolutionConfigurationPlatforms) = preSolution
		Debug|Any CPU = Debug|Any CPU
		Release|Any CPU = Release|Any CPU
	EndGlobalSection
	GlobalSection(ProjectConfigurationPlatforms) = postSolution
		{992AF029-582D-4DF0-BB60-CF9075E6794C}.Debug|Any CPU.ActiveCfg = Debug|Any CPU
		{992AF029-582D-4DF0-BB60-CF9075E6794C}.Debug|Any CPU.Build.0 = Debug|Any CPU
		{992AF029-582D-4DF0-BB60-CF9075E6794C}.Release|Any CPU.ActiveCfg = Release|Any CPU
		{992AF029-582D-4DF0-BB60-CF9075E6794C}.Release|Any CPU.Build.0 = Release|Any CPU
	EndGlobalSection
	GlobalSection(SolutionProperties) = preSolution
		HideSolutionNode = FALSE
	EndGlobalSection
	GlobalSection(ExtensibilityGlobals) = postSolution
		SolutionGuid = {DE7C5C24-25DA-4B5B-BB73-1620D0532C66}
	EndGlobalSection
EndGlobal
